
Microsoft Visual Studio Solution File, Format Version 10.00
# Visual Studio 2008
Project("{8BC9CEB8-8B4A-11D0-8D11-00A0C91BC942}") = "Client", "Client.vcproj", "{B4A8762D-9699-4616-BAEB-3AE41F40F346}"
	ProjectSection(ProjectDependencies) = postProject
		{61C5100D-AEAB-472B-9ACF-6ECC2EC827A4} = {61C5100D-AEAB-472B-9ACF-6ECC2EC827A4}
		{3C55F218-1C31-46DE-9F8C-544838227418} = {3C55F218-1C31-46DE-9F8C-544838227418}
		{5DBE56CF-E953-40E1-9986-BAAB7694B8C8} = {5DBE56CF-E953-40E1-9986-BAAB7694B8C8}
	EndProjectSection
EndProject
Project("{8BC9CEB8-8B4A-11D0-8D11-00A0C91BC942}") = "VRAM_Reactor", "..\VRAM-Reactor\VC\VRAM_Reactor.vcproj", "{61C5100D-AEAB-472B-9ACF-6ECC2EC827A4}"
EndProject
Project("{8BC9CEB8-8B4A-11D0-8D11-00A0C91BC942}") = "KEYPAD_Actor", "..\KEYPAD-Actor\VC\KEYPAD_Actor.vcproj", "{3C55F218-1C31-46DE-9F8C-544838227418}"
EndProject
Project("{8BC9CEB8-8B4A-11D0-8D11-00A0C91BC942}") = "NDSE-Core", "..\NDSE-Core\VC\NDSE.vcproj", "{5DBE56CF-E953-40E1-9986-BAAB7694B8C8}"
	ProjectSection(ProjectDependencies) = postProject
		{1F6C9A28-676D-4257-8E17-0F22C5E82F4D} = {1F6C9A28-676D-4257-8E17-0F22C5E82F4D}
		{307A5D8E-6395-4788-803F-3B9BC1B5FFD5} = {307A5D8E-6395-4788-803F-3B9BC1B5FFD5}
		{07F372BA-2F6E-43DB-84B2-8260AB21AED0} = {07F372BA-2F6E-43DB-84B2-8260AB21AED0}
	EndProjectSection
EndProject
Project("{8BC9CEB8-8B4A-11D0-8D11-00A0C91BC942}") = "libdwarf", "..\NDSE-Core\libdwarf\VC\libdwarf.vcproj", "{307A5D8E-6395-4788-803F-3B9BC1B5FFD5}"
	ProjectSection(ProjectDependencies) = postProject
		{1F6C9A28-676D-4257-8E17-0F22C5E82F4D} = {1F6C9A28-676D-4257-8E17-0F22C5E82F4D}
	EndProjectSection
EndProject
Project("{8BC9CEB8-8B4A-11D0-8D11-00A0C91BC942}") = "libelf", "..\NDSE-Core\libdwarf\libelf\VC\libelf.vcproj", "{1F6C9A28-676D-4257-8E17-0F22C5E82F4D}"
EndProject
Project("{8BC9CEB8-8B4A-11D0-8D11-00A0C91BC942}") = "libdistorm", "..\NDSE-Core\distorm64\VC\libdistorm.vcproj", "{07F372BA-2F6E-43DB-84B2-8260AB21AED0}"
EndProject
Global
	GlobalSection(SolutionConfigurationPlatforms) = preSolution
		Debug|Win32 = Debug|Win32
		Release|Win32 = Release|Win32
	EndGlobalSection
	GlobalSection(ProjectConfigurationPlatforms) = postSolution
		{B4A8762D-9699-4616-BAEB-3AE41F40F346}.Debug|Win32.ActiveCfg = Debug|Win32
		{B4A8762D-9699-4616-BAEB-3AE41F40F346}.Debug|Win32.Build.0 = Debug|Win32
		{B4A8762D-9699-4616-BAEB-3AE41F40F346}.Release|Win32.ActiveCfg = Release|Win32
		{B4A8762D-9699-4616-BAEB-3AE41F40F346}.Release|Win32.Build.0 = Release|Win32
		{61C5100D-AEAB-472B-9ACF-6ECC2EC827A4}.Debug|Win32.ActiveCfg = Debug|Win32
		{61C5100D-AEAB-472B-9ACF-6ECC2EC827A4}.Debug|Win32.Build.0 = Debug|Win32
		{61C5100D-AEAB-472B-9ACF-6ECC2EC827A4}.Release|Win32.ActiveCfg = Release|Win32
		{61C5100D-AEAB-472B-9ACF-6ECC2EC827A4}.Release|Win32.Build.0 = Release|Win32
		{3C55F218-1C31-46DE-9F8C-544838227418}.Debug|Win32.ActiveCfg = Debug|Win32
		{3C55F218-1C31-46DE-9F8C-544838227418}.Debug|Win32.Build.0 = Debug|Win32
		{3C55F218-1C31-46DE-9F8C-544838227418}.Release|Win32.ActiveCfg = Release|Win32
		{3C55F218-1C31-46DE-9F8C-544838227418}.Release|Win32.Build.0 = Release|Win32
		{5DBE56CF-E953-40E1-9986-BAAB7694B8C8}.Debug|Win32.ActiveCfg = Debug|Win32
		{5DBE56CF-E953-40E1-9986-BAAB7694B8C8}.Debug|Win32.Build.0 = Debug|Win32
		{5DBE56CF-E953-40E1-9986-BAAB7694B8C8}.Release|Win32.ActiveCfg = Release|Win32
		{5DBE56CF-E953-40E1-9986-BAAB7694B8C8}.Release|Win32.Build.0 = Release|Win32
		{307A5D8E-6395-4788-803F-3B9BC1B5FFD5}.Debug|Win32.ActiveCfg = Debug|Win32
		{307A5D8E-6395-4788-803F-3B9BC1B5FFD5}.Debug|Win32.Build.0 = Debug|Win32
		{307A5D8E-6395-4788-803F-3B9BC1B5FFD5}.Release|Win32.ActiveCfg = Release|Win32
		{307A5D8E-6395-4788-803F-3B9BC1B5FFD5}.Release|Win32.Build.0 = Release|Win32
		{1F6C9A28-676D-4257-8E17-0F22C5E82F4D}.Debug|Win32.ActiveCfg = Debug|Win32
		{1F6C9A28-676D-4257-8E17-0F22C5E82F4D}.Debug|Win32.Build.0 = Debug|Win32
		{1F6C9A28-676D-4257-8E17-0F22C5E82F4D}.Release|Win32.ActiveCfg = Release|Win32
		{1F6C9A28-676D-4257-8E17-0F22C5E82F4D}.Release|Win32.Build.0 = Release|Win32
		{07F372BA-2F6E-43DB-84B2-8260AB21AED0}.Debug|Win32.ActiveCfg = Debug|Win32
		{07F372BA-2F6E-43DB-84B2-8260AB21AED0}.Debug|Win32.Build.0 = Debug|Win32
		{07F372BA-2F6E-43DB-84B2-8260AB21AED0}.Release|Win32.ActiveCfg = Release|Win32
		{07F372BA-2F6E-43DB-84B2-8260AB21AED0}.Release|Win32.Build.0 = Release|Win32
	EndGlobalSection
	GlobalSection(SolutionProperties) = preSolution
		HideSolutionNode = FALSE
	EndGlobalSection
EndGlobal
